// !$*UTF8*$!
{
	archiveVersion = 1;
	classes = {
	};
	objectVersion = 56;
	objects = {

/* Begin PBXBuildFile section */
		0AA644CB294653C400904668 /* murand0App.swift in Sources */ = {isa = PBXBuildFile; fileRef = 0AA644CA294653C400904668 /* murand0App.swift */; };
		0AA644CD294653C400904668 /* ContentView.swift in Sources */ = {isa = PBXBuildFile; fileRef = 0AA644CC294653C400904668 /* ContentView.swift */; };
		0AA644CF294653C600904668 /* Assets.xcassets in Resources */ = {isa = PBXBuildFile; fileRef = 0AA644CE294653C600904668 /* Assets.xcassets */; };
		0AA644D2294653C600904668 /* Preview Assets.xcassets in Resources */ = {isa = PBXBuildFile; fileRef = 0AA644D1294653C600904668 /* Preview Assets.xcassets */; };
		0AA644D4294653C600904668 /* Persistence.swift in Sources */ = {isa = PBXBuildFile; fileRef = 0AA644D3294653C600904668 /* Persistence.swift */; };
		0AA644D7294653C600904668 /* murand0.xcdatamodeld in Sources */ = {isa = PBXBuildFile; fileRef = 0AA644D5294653C600904668 /* murand0.xcdatamodeld */; };
		0AA644E329465C5A00904668 /* UserEvent+CoreDataClass.swift in Sources */ = {isa = PBXBuildFile; fileRef = 0AA644E129465C5A00904668 /* UserEvent+CoreDataClass.swift */; };
		0AA644E429465C5A00904668 /* UserEvent+CoreDataProperties.swift in Sources */ = {isa = PBXBuildFile; fileRef = 0AA644E229465C5A00904668 /* UserEvent+CoreDataProperties.swift */; };
		0AA644E629466BEA00904668 /* UserEventsView.swift in Sources */ = {isa = PBXBuildFile; fileRef = 0AA644E529466BEA00904668 /* UserEventsView.swift */; };
		0AA644E8294670F500904668 /* AddUserEventView.swift in Sources */ = {isa = PBXBuildFile; fileRef = 0AA644E7294670F500904668 /* AddUserEventView.swift */; };
/* End PBXBuildFile section */

/* Begin PBXFileReference section */
		0AA644C7294653C400904668 /* murand0.app */ = {isa = PBXFileReference; explicitFileType = wrapper.application; includeInIndex = 0; path = murand0.app; sourceTree = BUILT_PRODUCTS_DIR; };
		0AA644CA294653C400904668 /* murand0App.swift */ = {isa = PBXFileReference; lastKnownFileType = sourcecode.swift; path = murand0App.swift; sourceTree = "<group>"; };
		0AA644CC294653C400904668 /* ContentView.swift */ = {isa = PBXFileReference; lastKnownFileType = sourcecode.swift; path = ContentView.swift; sourceTree = "<group>"; };
		0AA644CE294653C600904668 /* Assets.xcassets */ = {isa = PBXFileReference; lastKnownFileType = folder.assetcatalog; path = Assets.xcassets; sourceTree = "<group>"; };
		0AA644D1294653C600904668 /* Preview Assets.xcassets */ = {isa = PBXFileReference; lastKnownFileType = folder.assetcatalog; path = "Preview Assets.xcassets"; sourceTree = "<group>"; };
		0AA644D3294653C600904668 /* Persistence.swift */ = {isa = PBXFileReference; lastKnownFileType = sourcecode.swift; path = Persistence.swift; sourceTree = "<group>"; };
		0AA644D6294653C600904668 /* murand0.xcdatamodel */ = {isa = PBXFileReference; lastKnownFileType = wrapper.xcdatamodel; path = murand0.xcdatamodel; sourceTree = "<group>"; };
		0AA644E129465C5A00904668 /* UserEvent+CoreDataClass.swift */ = {isa = PBXFileReference; lastKnownFileType = sourcecode.swift; path = "UserEvent+CoreDataClass.swift"; sourceTree = "<group>"; };
		0AA644E229465C5A00904668 /* UserEvent+CoreDataProperties.swift */ = {isa = PBXFileReference; lastKnownFileType = sourcecode.swift; path = "UserEvent+CoreDataProperties.swift"; sourceTree = "<group>"; };
		0AA644E529466BEA00904668 /* UserEventsView.swift */ = {isa = PBXFileReference; lastKnownFileType = sourcecode.swift; path = UserEventsView.swift; sourceTree = "<group>"; };
		0AA644E7294670F500904668 /* AddUserEventView.swift */ = {isa = PBXFileReference; lastKnownFileType = sourcecode.swift; path = AddUserEventView.swift; sourceTree = "<group>"; };
/* End PBXFileReference section */

/* Begin PBXFrameworksBuildPhase section */
		0AA644C4294653C400904668 /* Frameworks */ = {
			isa = PBXFrameworksBuildPhase;
			buildActionMask = 2147483647;
			files = (
			);
			runOnlyForDeploymentPostprocessing = 0;
		};
/* End PBXFrameworksBuildPhase section */

/* Begin PBXGroup section */
		0AA644BE294653C400904668 = {
			isa = PBXGroup;
			children = (
				0AA644E129465C5A00904668 /* UserEvent+CoreDataClass.swift */,
				0AA644E229465C5A00904668 /* UserEvent+CoreDataProperties.swift */,
				0AA644C9294653C400904668 /* murand0 */,
				0AA644C8294653C400904668 /* Products */,
			);
			sourceTree = "<group>";
		};
		0AA644C8294653C400904668 /* Products */ = {
			isa = PBXGroup;
			children = (
				0AA644C7294653C400904668 /* murand0.app */,
			);
			name = Products;
			sourceTree = "<group>";
		};
		0AA644C9294653C400904668 /* murand0 */ = {
			isa = PBXGroup;
			children = (
				0AA644CA294653C400904668 /* murand0App.swift */,
				0AA644CC294653C400904668 /* ContentView.swift */,
				0AA644CE294653C600904668 /* Assets.xcassets */,
				0AA644D3294653C600904668 /* Persistence.swift */,
				0AA644D5294653C600904668 /* murand0.xcdatamodeld */,
				0AA644D0294653C600904668 /* Preview Content */,
				0AA644E529466BEA00904668 /* UserEventsView.swift */,
				0AA644E7294670F500904668 /* AddUserEventView.swift */,
			);
			path = murand0;
			sourceTree = "<group>";
		};
		0AA644D0294653C600904668 /* Preview Content */ = {
			isa = PBXGroup;
			children = (
				0AA644D1294653C600904668 /* Preview Assets.xcassets */,
			);
			path = "Preview Content";
			sourceTree = "<group>";
		};
/* End PBXGroup section */

/* Begin PBXNativeTarget section */
		0AA644C6294653C400904668 /* murand0 */ = {
			isa = PBXNativeTarget;
			buildConfigurationList = 0AA644DA294653C600904668 /* Build configuration list for PBXNativeTarget "murand0" */;
			buildPhases = (
				0AA644C3294653C400904668 /* Sources */,
				0AA644C4294653C400904668 /* Frameworks */,
				0AA644C5294653C400904668 /* Resources */,
			);
			buildRules = (
			);
			dependencies = (
			);
			name = murand0;
			productName = murand0;
			productReference = 0AA644C7294653C400904668 /* murand0.app */;
			productType = "com.apple.product-type.application";
		};
/* End PBXNativeTarget section */

/* Begin PBXProject section */
		0AA644BF294653C400904668 /* Project object */ = {
			isa = PBXProject;
			attributes = {
				BuildIndependentTargetsInParallel = 1;
				LastSwiftUpdateCheck = 1410;
				LastUpgradeCheck = 1410;
				TargetAttributes = {
					0AA644C6294653C400904668 = {
						CreatedOnToolsVersion = 14.1;
					};
				};
			};
			buildConfigurationList = 0AA644C2294653C400904668 /* Build configuration list for PBXProject "murand0" */;
			compatibilityVersion = "Xcode 14.0";
			developmentRegion = en;
			hasScannedForEncodings = 0;
			knownRegions = (
				en,
				Base,
			);
			mainGroup = 0AA644BE294653C400904668;
			productRefGroup = 0AA644C8294653C400904668 /* Products */;
			projectDirPath = "";
			projectRoot = "";
			targets = (
				0AA644C6294653C400904668 /* murand0 */,
			);
		};
/* End PBXProject section */

/* Begin PBXResourcesBuildPhase section */
		0AA644C5294653C400904668 /* Resources */ = {
			isa = PBXResourcesBuildPhase;
			buildActionMask = 2147483647;
			files = (
				0AA644D2294653C600904668 /* Preview Assets.xcassets in Resources */,
				0AA644CF294653C600904668 /* Assets.xcassets in Resources */,
			);
			runOnlyForDeploymentPostprocessing = 0;
		};
/* End PBXResourcesBuildPhase section */

/* Begin PBXSourcesBuildPhase section */
		0AA644C3294653C400904668 /* Sources */ = {
			isa = PBXSourcesBuildPhase;
			buildActionMask = 2147483647;
			files = (
				0AA644D4294653C600904668 /* Persistence.swift in Sources */,
				0AA644E429465C5A00904668 /* UserEvent+CoreDataProperties.swift in Sources */,
				0AA644E329465C5A00904668 /* UserEvent+CoreDataClass.swift in Sources */,
				0AA644E629466BEA00904668 /* UserEventsView.swift in Sources */,
				0AA644CD294653C400904668 /* ContentView.swift in Sources */,
				0AA644CB294653C400904668 /* murand0App.swift in Sources */,
				0AA644E8294670F500904668 /* AddUserEventView.swift in Sources */,
				0AA644D7294653C600904668 /* murand0.xcdatamodeld in Sources */,
			);
			runOnlyForDeploymentPostprocessing = 0;
		};
/* End PBXSourcesBuildPhase section */

/* Begin XCBuildConfiguration section */
		0AA644D8294653C600904668 /* Debug */ = {
			isa = XCBuildConfiguration;
			buildSettings = {
				ALWAYS_SEARCH_USER_PATHS = NO;
				CLANG_ANALYZER_NONNULL = YES;
				CLANG_ANALYZER_NUMBER_OBJECT_CONVERSION = YES_AGGRESSIVE;
				CLANG_CXX_LANGUAGE_STANDARD = "gnu++20";
				CLANG_ENABLE_MODULES = YES;
				CLANG_ENABLE_OBJC_ARC = YES;
				CLANG_ENABLE_OBJC_WEAK = YES;
				CLANG_WARN_BLOCK_CAPTURE_AUTORELEASING = YES;
				CLANG_WARN_BOOL_CONVERSION = YES;
				CLANG_WARN_COMMA = YES;
				CLANG_WARN_CONSTANT_CONVERSION = YES;
				CLANG_WARN_DEPRECATED_OBJC_IMPLEMENTATIONS = YES;
				CLANG_WARN_DIRECT_OBJC_ISA_USAGE = YES_ERROR;
				CLANG_WARN_DOCUMENTATION_COMMENTS = YES;
				CLANG_WARN_EMPTY_BODY = YES;
				CLANG_WARN_ENUM_CONVERSION = YES;
				CLANG_WARN_INFINITE_RECURSION = YES;
				CLANG_WARN_INT_CONVERSION = YES;
				CLANG_WARN_NON_LITERAL_NULL_CONVERSION = YES;
				CLANG_WARN_OBJC_IMPLICIT_RETAIN_SELF = YES;
				CLANG_WARN_OBJC_LITERAL_CONVERSION = YES;
				CLANG_WARN_OBJC_ROOT_CLASS = YES_ERROR;
				CLANG_WARN_QUOTED_INCLUDE_IN_FRAMEWORK_HEADER = YES;
				CLANG_WARN_RANGE_LOOP_ANALYSIS = YES;
				CLANG_WARN_STRICT_PROTOTYPES = YES;
				CLANG_WARN_SUSPICIOUS_MOVE = YES;
				CLANG_WARN_UNGUARDED_AVAILABILITY = YES_AGGRESSIVE;
				CLANG_WARN_UNREACHABLE_CODE = YES;
				CLANG_WARN__DUPLICATE_METHOD_MATCH = YES;
				COPY_PHASE_STRIP = NO;
				DEBUG_INFORMATION_FORMAT = dwarf;
				ENABLE_STRICT_OBJC_MSGSEND = YES;
				ENABLE_TESTABILITY = YES;
				GCC_C_LANGUAGE_STANDARD = gnu11;
				GCC_DYNAMIC_NO_PIC = NO;
				GCC_NO_COMMON_BLOCKS = YES;
				GCC_OPTIMIZATION_LEVEL = 0;
				GCC_PREPROCESSOR_DEFINITIONS = (
					"DEBUG=1",
					"$(inherited)",
				);
				GCC_WARN_64_TO_32_BIT_CONVERSION = YES;
				GCC_WARN_ABOUT_RETURN_TYPE = YES_ERROR;
				GCC_WARN_UNDECLARED_SELECTOR = YES;
				GCC_WARN_UNINITIALIZED_AUTOS = YES_AGGRESSIVE;
				GCC_WARN_UNUSED_FUNCTION = YES;
				GCC_WARN_UNUSED_VARIABLE = YES;
				IPHONEOS_DEPLOYMENT_TARGET = 16.1;
				MTL_ENABLE_DEBUG_INFO = INCLUDE_SOURCE;
				MTL_FAST_MATH = YES;
				ONLY_ACTIVE_ARCH = YES;
				SDKROOT = iphoneos;
				SWIFT_ACTIVE_COMPILATION_CONDITIONS = DEBUG;
				SWIFT_OPTIMIZATION_LEVEL = "-Onone";
			};
			name = Debug;
		};
		0AA644D9294653C600904668 /* Release */ = {
			isa = XCBuildConfiguration;
			buildSettings = {
				ALWAYS_SEARCH_USER_PATHS = NO;
				CLANG_ANALYZER_NONNULL = YES;
				CLANG_ANALYZER_NUMBER_OBJECT_CONVERSION = YES_AGGRESSIVE;
				CLANG_CXX_LANGUAGE_STANDARD = "gnu++20";
				CLANG_ENABLE_MODULES = YES;
				CLANG_ENABLE_OBJC_ARC = YES;
				CLANG_ENABLE_OBJC_WEAK = YES;
				CLANG_WARN_BLOCK_CAPTURE_AUTORELEASING = YES;
				CLANG_WARN_BOOL_CONVERSION = YES;
				CLANG_WARN_COMMA = YES;
				CLANG_WARN_CONSTANT_CONVERSION = YES;
				CLANG_WARN_DEPRECATED_OBJC_IMPLEMENTATIONS = YES;
				CLANG_WARN_DIRECT_OBJC_ISA_USAGE = YES_ERROR;
				CLANG_WARN_DOCUMENTATION_COMMENTS = YES;
				CLANG_WARN_EMPTY_BODY = YES;
				CLANG_WARN_ENUM_CONVERSION = YES;
				CLANG_WARN_INFINITE_RECURSION = YES;
				CLANG_WARN_INT_CONVERSION = YES;
				CLANG_WARN_NON_LITERAL_NULL_CONVERSION = YES;
				CLANG_WARN_OBJC_IMPLICIT_RETAIN_SELF = YES;
				CLANG_WARN_OBJC_LITERAL_CONVERSION = YES;
				CLANG_WARN_OBJC_ROOT_CLASS = YES_ERROR;
				CLANG_WARN_QUOTED_INCLUDE_IN_FRAMEWORK_HEADER = YES;
				CLANG_WARN_RANGE_LOOP_ANALYSIS = YES;
				CLANG_WARN_STRICT_PROTOTYPES = YES;
				CLANG_WARN_SUSPICIOUS_MOVE = YES;
				CLANG_WARN_UNGUARDED_AVAILABILITY = YES_AGGRESSIVE;
				CLANG_WARN_UNREACHABLE_CODE = YES;
				CLANG_WARN__DUPLICATE_METHOD_MATCH = YES;
				COPY_PHASE_STRIP = NO;
				DEBUG_INFORMATION_FORMAT = "dwarf-with-dsym";
				ENABLE_NS_ASSERTIONS = NO;
				ENABLE_STRICT_OBJC_MSGSEND = YES;
				GCC_C_LANGUAGE_STANDARD = gnu11;
				GCC_NO_COMMON_BLOCKS = YES;
				GCC_WARN_64_TO_32_BIT_CONVERSION = YES;
				GCC_WARN_ABOUT_RETURN_TYPE = YES_ERROR;
				GCC_WARN_UNDECLARED_SELECTOR = YES;
				GCC_WARN_UNINITIALIZED_AUTOS = YES_AGGRESSIVE;
				GCC_WARN_UNUSED_FUNCTION = YES;
				GCC_WARN_UNUSED_VARIABLE = YES;
				IPHONEOS_DEPLOYMENT_TARGET = 16.1;
				MTL_ENABLE_DEBUG_INFO = NO;
				MTL_FAST_MATH = YES;
				SDKROOT = iphoneos;
				SWIFT_COMPILATION_MODE = wholemodule;
				SWIFT_OPTIMIZATION_LEVEL = "-O";
				VALIDATE_PRODUCT = YES;
			};
			name = Release;
		};
		0AA644DB294653C600904668 /* Debug */ = {
			isa = XCBuildConfiguration;
			buildSettings = {
				ASSETCATALOG_COMPILER_APPICON_NAME = AppIcon;
				ASSETCATALOG_COMPILER_GLOBAL_ACCENT_COLOR_NAME = AccentColor;
				CODE_SIGN_STYLE = Automatic;
				CURRENT_PROJECT_VERSION = 1;
				DEVELOPMENT_ASSET_PATHS = "\"murand0/Preview Content\"";
				DEVELOPMENT_TEAM = 98ZTV95BH2;
				ENABLE_PREVIEWS = YES;
				GENERATE_INFOPLIST_FILE = YES;
				INFOPLIST_KEY_UIApplicationSceneManifest_Generation = YES;
				INFOPLIST_KEY_UIApplicationSupportsIndirectInputEvents = YES;
				INFOPLIST_KEY_UILaunchScreen_Generation = YES;
				INFOPLIST_KEY_UISupportedInterfaceOrientations_iPad = "UIInterfaceOrientationPortrait UIInterfaceOrientationPortraitUpsideDown UIInterfaceOrientationLandscapeLeft UIInterfaceOrientationLandscapeRight";
				INFOPLIST_KEY_UISupportedInterfaceOrientations_iPhone = "UIInterfaceOrientationPortrait UIInterfaceOrientationLandscapeLeft UIInterfaceOrientationLandscapeRight";
				LD_RUNPATH_SEARCH_PATHS = (
					"$(inherited)",
					"@executable_path/Frameworks",
				);
				MARKETING_VERSION = 1.0;
				PRODUCT_BUNDLE_IDENTIFIER = amurphy22.murand0;
				PRODUCT_NAME = "$(TARGET_NAME)";
				SWIFT_EMIT_LOC_STRINGS = YES;
				SWIFT_VERSION = 5.0;
				TARGETED_DEVICE_FAMILY = "1,2";
			};
			name = Debug;
		};
		0AA644DC294653C600904668 /* Release */ = {
			isa = XCBuildConfiguration;
			buildSettings = {
				ASSETCATALOG_COMPILER_APPICON_NAME = AppIcon;
				ASSETCATALOG_COMPILER_GLOBAL_ACCENT_COLOR_NAME = AccentColor;
				CODE_SIGN_STYLE = Automatic;
				CURRENT_PROJECT_VERSION = 1;
				DEVELOPMENT_ASSET_PATHS = "\"murand0/Preview Content\"";
				DEVELOPMENT_TEAM = 98ZTV95BH2;
				ENABLE_PREVIEWS = YES;
				GENERATE_INFOPLIST_FILE = YES;
				INFOPLIST_KEY_UIApplicationSceneManifest_Generation = YES;
				INFOPLIST_KEY_UIApplicationSupportsIndirectInputEvents = YES;
				INFOPLIST_KEY_UILaunchScreen_Generation = YES;
				INFOPLIST_KEY_UISupportedInterfaceOrientations_iPad = "UIInterfaceOrientationPortrait UIInterfaceOrientationPortraitUpsideDown UIInterfaceOrientationLandscapeLeft UIInterfaceOrientationLandscapeRight";
				INFOPLIST_KEY_UISupportedInterfaceOrientations_iPhone = "UIInterfaceOrientationPortrait UIInterfaceOrientationLandscapeLeft UIInterfaceOrientationLandscapeRight";
				LD_RUNPATH_SEARCH_PATHS = (
					"$(inherited)",
					"@executable_path/Frameworks",
				);
				MARKETING_VERSION = 1.0;
				PRODUCT_BUNDLE_IDENTIFIER = amurphy22.murand0;
				PRODUCT_NAME = "$(TARGET_NAME)";
				SWIFT_EMIT_LOC_STRINGS = YES;
				SWIFT_VERSION = 5.0;
				TARGETED_DEVICE_FAMILY = "1,2";
			};
			name = Release;
		};
/* End XCBuildConfiguration section */

/* Begin XCConfigurationList section */
		0AA644C2294653C400904668 /* Build configuration list for PBXProject "murand0" */ = {
			isa = XCConfigurationList;
			buildConfigurations = (
				0AA644D8294653C600904668 /* Debug */,
				0AA644D9294653C600904668 /* Release */,
			);
			defaultConfigurationIsVisible = 0;
			defaultConfigurationName = Release;
		};
		0AA644DA294653C600904668 /* Build configuration list for PBXNativeTarget "murand0" */ = {
			isa = XCConfigurationList;
			buildConfigurations = (
				0AA644DB294653C600904668 /* Debug */,
				0AA644DC294653C600904668 /* Release */,
			);
			defaultConfigurationIsVisible = 0;
			defaultConfigurationName = Release;
		};
/* End XCConfigurationList section */

/* Begin XCVersionGroup section */
		0AA644D5294653C600904668 /* murand0.xcdatamodeld */ = {
			isa = XCVersionGroup;
			children = (
				0AA644D6294653C600904668 /* murand0.xcdatamodel */,
			);
			currentVersion = 0AA644D6294653C600904668 /* murand0.xcdatamodel */;
			path = murand0.xcdatamodeld;
			sourceTree = "<group>";
			versionGroupType = wrapper.xcdatamodel;
		};
/* End XCVersionGroup section */
	};
	rootObject = 0AA644BF294653C400904668 /* Project object */;
}
